
Microsoft Visual Studio Solution File, Format Version 12.00
# Visual Studio Version 17
VisualStudioVersion = 17.6.33723.286
MinimumVisualStudioVersion = 10.0.40219.1
Project("{FAE04EC0-301F-11D3-BF4B-00C04F79EFBC}") = "Filling-NonRecurring-Array", "Filling-NonRecurring-Array\Filling-NonRecurring-Array.csproj", "{CBE468F4-8946-4174-844F-2A5CF4643E70}"
EndProject
Global
	GlobalSection(SolutionConfigurationPlatforms) = preSolution
		Debug|Any CPU = Debug|Any CPU
		Release|Any CPU = Release|Any CPU
	EndGlobalSection
	GlobalSection(ProjectConfigurationPlatforms) = postSolution
		{CBE468F4-8946-4174-844F-2A5CF4643E70}.Debug|Any CPU.ActiveCfg = Debug|Any CPU
		{CBE468F4-8946-4174-844F-2A5CF4643E70}.Debug|Any CPU.Build.0 = Debug|Any CPU
		{CBE468F4-8946-4174-844F-2A5CF4643E70}.Release|Any CPU.ActiveCfg = Release|Any CPU
		{CBE468F4-8946-4174-844F-2A5CF4643E70}.Release|Any CPU.Build.0 = Release|Any CPU
	EndGlobalSection
	GlobalSection(SolutionProperties) = preSolution
		HideSolutionNode = FALSE
	EndGlobalSection
	GlobalSection(ExtensibilityGlobals) = postSolution
		SolutionGuid = {D8723287-DB95-4672-8B66-8F71F3FB9073}
	EndGlobalSection
EndGlobal
